// !$*UTF8*$!
{
	archiveVersion = 1;
	classes = {
	};
	objectVersion = 46;
	objects = {

/* Begin PBXBuildFile section */
		581A7B6A1CEEA206008F791C /* main.m in Sources */ = {isa = PBXBuildFile; fileRef = 581A7B691CEEA206008F791C /* main.m */; };
		581A7B6D1CEEA206008F791C /* AppDelegate.m in Sources */ = {isa = PBXBuildFile; fileRef = 581A7B6C1CEEA206008F791C /* AppDelegate.m */; };
		581A7B701CEEA206008F791C /* ViewController.m in Sources */ = {isa = PBXBuildFile; fileRef = 581A7B6F1CEEA206008F791C /* ViewController.m */; };
		581A7B731CEEA206008F791C /* Main.storyboard in Resources */ = {isa = PBXBuildFile; fileRef = 581A7B711CEEA206008F791C /* Main.storyboard */; };
		581A7B751CEEA206008F791C /* Assets.xcassets in Resources */ = {isa = PBXBuildFile; fileRef = 581A7B741CEEA206008F791C /* Assets.xcassets */; };
		581A7B781CEEA206008F791C /* LaunchScreen.storyboard in Resources */ = {isa = PBXBuildFile; fileRef = 581A7B761CEEA206008F791C /* LaunchScreen.storyboard */; };
		581A7BBC1CEEAC61008F791C /* libsqlite3.0.tbd in Frameworks */ = {isa = PBXBuildFile; fileRef = 581A7BBB1CEEAC61008F791C /* libsqlite3.0.tbd */; };
		586C22441DDD857100C31931 /* MapResource in Resources */ = {isa = PBXBuildFile; fileRef = 586C22431DDD857100C31931 /* MapResource */; };
		586C224B1DDD86DB00C31931 /* TYMapSDK.framework in Frameworks */ = {isa = PBXBuildFile; fileRef = 586C224A1DDD86DB00C31931 /* TYMapSDK.framework */; };
		586C224E1DDD86E300C31931 /* TYLocationEngine.framework in Frameworks */ = {isa = PBXBuildFile; fileRef = 586C224C1DDD86E300C31931 /* TYLocationEngine.framework */; };
		586C224F1DDD86E300C31931 /* TYMapData.framework in Frameworks */ = {isa = PBXBuildFile; fileRef = 586C224D1DDD86E300C31931 /* TYMapData.framework */; };
		586C22521DDD8CDC00C31931 /* MKNetworkKit.framework in Frameworks */ = {isa = PBXBuildFile; fileRef = 586C22511DDD8CDC00C31931 /* MKNetworkKit.framework */; };
		58E066181D5B138500622C3D /* QuadCurveMenu.m in Sources */ = {isa = PBXBuildFile; fileRef = 58E066151D5B138500622C3D /* QuadCurveMenu.m */; settings = {COMPILER_FLAGS = "-fno-objc-arc"; }; };
		58E066191D5B138500622C3D /* QuadCurveMenuItem.m in Sources */ = {isa = PBXBuildFile; fileRef = 58E066171D5B138500622C3D /* QuadCurveMenuItem.m */; settings = {COMPILER_FLAGS = "-fno-objc-arc"; }; };
		58FF19E11D59D9C10060EF7B /* libz.tbd in Frameworks */ = {isa = PBXBuildFile; fileRef = 58E56A391D4A1B8D00823924 /* libz.tbd */; };
/* End PBXBuildFile section */

/* Begin PBXFileReference section */
		581A7B651CEEA206008F791C /* mapdemo.app */ = {isa = PBXFileReference; explicitFileType = wrapper.application; includeInIndex = 0; path = mapdemo.app; sourceTree = BUILT_PRODUCTS_DIR; };
		581A7B691CEEA206008F791C /* main.m */ = {isa = PBXFileReference; lastKnownFileType = sourcecode.c.objc; path = main.m; sourceTree = "<group>"; };
		581A7B6B1CEEA206008F791C /* AppDelegate.h */ = {isa = PBXFileReference; lastKnownFileType = sourcecode.c.h; path = AppDelegate.h; sourceTree = "<group>"; };
		581A7B6C1CEEA206008F791C /* AppDelegate.m */ = {isa = PBXFileReference; lastKnownFileType = sourcecode.c.objc; path = AppDelegate.m; sourceTree = "<group>"; };
		581A7B6E1CEEA206008F791C /* ViewController.h */ = {isa = PBXFileReference; lastKnownFileType = sourcecode.c.h; path = ViewController.h; sourceTree = "<group>"; };
		581A7B6F1CEEA206008F791C /* ViewController.m */ = {isa = PBXFileReference; lastKnownFileType = sourcecode.c.objc; path = ViewController.m; sourceTree = "<group>"; wrapsLines = 0; };
		581A7B721CEEA206008F791C /* Base */ = {isa = PBXFileReference; lastKnownFileType = file.storyboard; name = Base; path = Base.lproj/Main.storyboard; sourceTree = "<group>"; };
		581A7B741CEEA206008F791C /* Assets.xcassets */ = {isa = PBXFileReference; lastKnownFileType = folder.assetcatalog; path = Assets.xcassets; sourceTree = "<group>"; };
		581A7B771CEEA206008F791C /* Base */ = {isa = PBXFileReference; lastKnownFileType = file.storyboard; name = Base; path = Base.lproj/LaunchScreen.storyboard; sourceTree = "<group>"; };
		581A7B791CEEA206008F791C /* Info.plist */ = {isa = PBXFileReference; lastKnownFileType = text.plist.xml; path = Info.plist; sourceTree = "<group>"; };
		581A7BBB1CEEAC61008F791C /* libsqlite3.0.tbd */ = {isa = PBXFileReference; lastKnownFileType = "sourcecode.text-based-dylib-definition"; name = libsqlite3.0.tbd; path = usr/lib/libsqlite3.0.tbd; sourceTree = SDKROOT; };
		586C22431DDD857100C31931 /* MapResource */ = {isa = PBXFileReference; lastKnownFileType = folder; path = MapResource; sourceTree = "<group>"; };
		586C224A1DDD86DB00C31931 /* TYMapSDK.framework */ = {isa = PBXFileReference; lastKnownFileType = wrapper.framework; path = TYMapSDK.framework; sourceTree = "<group>"; };
		586C224C1DDD86E300C31931 /* TYLocationEngine.framework */ = {isa = PBXFileReference; lastKnownFileType = wrapper.framework; path = TYLocationEngine.framework; sourceTree = "<group>"; };
		586C224D1DDD86E300C31931 /* TYMapData.framework */ = {isa = PBXFileReference; lastKnownFileType = wrapper.framework; path = TYMapData.framework; sourceTree = "<group>"; };
		586C22511DDD8CDC00C31931 /* MKNetworkKit.framework */ = {isa = PBXFileReference; lastKnownFileType = wrapper.framework; path = MKNetworkKit.framework; sourceTree = "<group>"; };
		58E066141D5B138500622C3D /* QuadCurveMenu.h */ = {isa = PBXFileReference; fileEncoding = 4; lastKnownFileType = sourcecode.c.h; path = QuadCurveMenu.h; sourceTree = "<group>"; };
		58E066151D5B138500622C3D /* QuadCurveMenu.m */ = {isa = PBXFileReference; fileEncoding = 4; lastKnownFileType = sourcecode.c.objc; path = QuadCurveMenu.m; sourceTree = "<group>"; };
		58E066161D5B138500622C3D /* QuadCurveMenuItem.h */ = {isa = PBXFileReference; fileEncoding = 4; lastKnownFileType = sourcecode.c.h; path = QuadCurveMenuItem.h; sourceTree = "<group>"; };
		58E066171D5B138500622C3D /* QuadCurveMenuItem.m */ = {isa = PBXFileReference; fileEncoding = 4; lastKnownFileType = sourcecode.c.objc; path = QuadCurveMenuItem.m; sourceTree = "<group>"; };
		58E56A371D4A1B7B00823924 /* libbz2.tbd */ = {isa = PBXFileReference; lastKnownFileType = "sourcecode.text-based-dylib-definition"; name = libbz2.tbd; path = usr/lib/libbz2.tbd; sourceTree = SDKROOT; };
		58E56A391D4A1B8D00823924 /* libz.tbd */ = {isa = PBXFileReference; lastKnownFileType = "sourcecode.text-based-dylib-definition"; name = libz.tbd; path = usr/lib/libz.tbd; sourceTree = SDKROOT; };
/* End PBXFileReference section */

/* Begin PBXFrameworksBuildPhase section */
		581A7B621CEEA206008F791C /* Frameworks */ = {
			isa = PBXFrameworksBuildPhase;
			buildActionMask = 2147483647;
			files = (
				586C224F1DDD86E300C31931 /* TYMapData.framework in Frameworks */,
				58FF19E11D59D9C10060EF7B /* libz.tbd in Frameworks */,
				586C22521DDD8CDC00C31931 /* MKNetworkKit.framework in Frameworks */,
				586C224B1DDD86DB00C31931 /* TYMapSDK.framework in Frameworks */,
				586C224E1DDD86E300C31931 /* TYLocationEngine.framework in Frameworks */,
				581A7BBC1CEEAC61008F791C /* libsqlite3.0.tbd in Frameworks */,
			);
			runOnlyForDeploymentPostprocessing = 0;
		};
/* End PBXFrameworksBuildPhase section */

/* Begin PBXGroup section */
		581A7B5C1CEEA206008F791C = {
			isa = PBXGroup;
			children = (
				581A7B671CEEA206008F791C /* mapdemo */,
				581A7B661CEEA206008F791C /* Products */,
				775DCDEA34FF5F233A7D4C84 /* Frameworks */,
			);
			sourceTree = "<group>";
		};
		581A7B661CEEA206008F791C /* Products */ = {
			isa = PBXGroup;
			children = (
				581A7B651CEEA206008F791C /* mapdemo.app */,
			);
			name = Products;
			sourceTree = "<group>";
		};
		581A7B671CEEA206008F791C /* mapdemo */ = {
			isa = PBXGroup;
			children = (
				581A7B6B1CEEA206008F791C /* AppDelegate.h */,
				581A7B6C1CEEA206008F791C /* AppDelegate.m */,
				581A7B6E1CEEA206008F791C /* ViewController.h */,
				581A7B6F1CEEA206008F791C /* ViewController.m */,
				581A7B711CEEA206008F791C /* Main.storyboard */,
				581A7B741CEEA206008F791C /* Assets.xcassets */,
				581A7B761CEEA206008F791C /* LaunchScreen.storyboard */,
				58E066131D5B138500622C3D /* AwesomeMenu */,
				581A7B681CEEA206008F791C /* Supporting Files */,
			);
			path = mapdemo;
			sourceTree = "<group>";
		};
		581A7B681CEEA206008F791C /* Supporting Files */ = {
			isa = PBXGroup;
			children = (
				586C22301DDD856900C31931 /* libs */,
				581A7BBB1CEEAC61008F791C /* libsqlite3.0.tbd */,
				581A7B791CEEA206008F791C /* Info.plist */,
				581A7B691CEEA206008F791C /* main.m */,
			);
			name = "Supporting Files";
			sourceTree = "<group>";
		};
		586C22301DDD856900C31931 /* libs */ = {
			isa = PBXGroup;
			children = (
				586C22431DDD857100C31931 /* MapResource */,
				586C22311DDD856900C31931 /* lib */,
			);
			name = libs;
			path = ../../libs;
			sourceTree = "<group>";
		};
		586C22311DDD856900C31931 /* lib */ = {
			isa = PBXGroup;
			children = (
				586C22511DDD8CDC00C31931 /* MKNetworkKit.framework */,
				586C224C1DDD86E300C31931 /* TYLocationEngine.framework */,
				586C224D1DDD86E300C31931 /* TYMapData.framework */,
				586C224A1DDD86DB00C31931 /* TYMapSDK.framework */,
			);
			path = lib;
			sourceTree = "<group>";
		};
		58E066131D5B138500622C3D /* AwesomeMenu */ = {
			isa = PBXGroup;
			children = (
				58E066141D5B138500622C3D /* QuadCurveMenu.h */,
				58E066151D5B138500622C3D /* QuadCurveMenu.m */,
				58E066161D5B138500622C3D /* QuadCurveMenuItem.h */,
				58E066171D5B138500622C3D /* QuadCurveMenuItem.m */,
			);
			path = AwesomeMenu;
			sourceTree = "<group>";
		};
		775DCDEA34FF5F233A7D4C84 /* Frameworks */ = {
			isa = PBXGroup;
			children = (
				58E56A391D4A1B8D00823924 /* libz.tbd */,
				58E56A371D4A1B7B00823924 /* libbz2.tbd */,
			);
			name = Frameworks;
			sourceTree = "<group>";
		};
/* End PBXGroup section */

/* Begin PBXNativeTarget section */
		581A7B641CEEA206008F791C /* mapdemo */ = {
			isa = PBXNativeTarget;
			buildConfigurationList = 581A7B7C1CEEA206008F791C /* Build configuration list for PBXNativeTarget "mapdemo" */;
			buildPhases = (
				581A7B611CEEA206008F791C /* Sources */,
				581A7B621CEEA206008F791C /* Frameworks */,
				581A7B631CEEA206008F791C /* Resources */,
			);
			buildRules = (
			);
			dependencies = (
			);
			name = mapdemo;
			productName = mapdemo;
			productReference = 581A7B651CEEA206008F791C /* mapdemo.app */;
			productType = "com.apple.product-type.application";
		};
/* End PBXNativeTarget section */

/* Begin PBXProject section */
		581A7B5D1CEEA206008F791C /* Project object */ = {
			isa = PBXProject;
			attributes = {
				LastUpgradeCheck = 0730;
				ORGANIZATIONNAME = thomasho;
				TargetAttributes = {
					581A7B641CEEA206008F791C = {
						CreatedOnToolsVersion = 7.3;
						DevelopmentTeam = L2S5E9QH3S;
					};
				};
			};
			buildConfigurationList = 581A7B601CEEA206008F791C /* Build configuration list for PBXProject "mapdemo" */;
			compatibilityVersion = "Xcode 3.2";
			developmentRegion = English;
			hasScannedForEncodings = 0;
			knownRegions = (
				en,
				Base,
			);
			mainGroup = 581A7B5C1CEEA206008F791C;
			productRefGroup = 581A7B661CEEA206008F791C /* Products */;
			projectDirPath = "";
			projectRoot = "";
			targets = (
				581A7B641CEEA206008F791C /* mapdemo */,
			);
		};
/* End PBXProject section */

/* Begin PBXResourcesBuildPhase section */
		581A7B631CEEA206008F791C /* Resources */ = {
			isa = PBXResourcesBuildPhase;
			buildActionMask = 2147483647;
			files = (
				581A7B781CEEA206008F791C /* LaunchScreen.storyboard in Resources */,
				586C22441DDD857100C31931 /* MapResource in Resources */,
				581A7B751CEEA206008F791C /* Assets.xcassets in Resources */,
				581A7B731CEEA206008F791C /* Main.storyboard in Resources */,
			);
			runOnlyForDeploymentPostprocessing = 0;
		};
/* End PBXResourcesBuildPhase section */

/* Begin PBXSourcesBuildPhase section */
		581A7B611CEEA206008F791C /* Sources */ = {
			isa = PBXSourcesBuildPhase;
			buildActionMask = 2147483647;
			files = (
				581A7B701CEEA206008F791C /* ViewController.m in Sources */,
				58E066191D5B138500622C3D /* QuadCurveMenuItem.m in Sources */,
				581A7B6D1CEEA206008F791C /* AppDelegate.m in Sources */,
				581A7B6A1CEEA206008F791C /* main.m in Sources */,
				58E066181D5B138500622C3D /* QuadCurveMenu.m in Sources */,
			);
			runOnlyForDeploymentPostprocessing = 0;
		};
/* End PBXSourcesBuildPhase section */

/* Begin PBXVariantGroup section */
		581A7B711CEEA206008F791C /* Main.storyboard */ = {
			isa = PBXVariantGroup;
			children = (
				581A7B721CEEA206008F791C /* Base */,
			);
			name = Main.storyboard;
			sourceTree = "<group>";
		};
		581A7B761CEEA206008F791C /* LaunchScreen.storyboard */ = {
			isa = PBXVariantGroup;
			children = (
				581A7B771CEEA206008F791C /* Base */,
			);
			name = LaunchScreen.storyboard;
			sourceTree = "<group>";
		};
/* End PBXVariantGroup section */

/* Begin XCBuildConfiguration section */
		581A7B7A1CEEA206008F791C /* Debug */ = {
			isa = XCBuildConfiguration;
			buildSettings = {
				ALWAYS_SEARCH_USER_PATHS = NO;
				CLANG_ANALYZER_NONNULL = YES;
				CLANG_CXX_LANGUAGE_STANDARD = "gnu++0x";
				CLANG_CXX_LIBRARY = "libc++";
				CLANG_ENABLE_MODULES = YES;
				CLANG_ENABLE_OBJC_ARC = YES;
				CLANG_WARN_BOOL_CONVERSION = YES;
				CLANG_WARN_CONSTANT_CONVERSION = YES;
				CLANG_WARN_DIRECT_OBJC_ISA_USAGE = YES_ERROR;
				CLANG_WARN_EMPTY_BODY = YES;
				CLANG_WARN_ENUM_CONVERSION = YES;
				CLANG_WARN_INT_CONVERSION = YES;
				CLANG_WARN_OBJC_ROOT_CLASS = YES_ERROR;
				CLANG_WARN_UNREACHABLE_CODE = YES;
				CLANG_WARN__DUPLICATE_METHOD_MATCH = YES;
				"CODE_SIGN_IDENTITY[sdk=iphoneos*]" = "iPhone Developer";
				COPY_PHASE_STRIP = NO;
				DEBUG_INFORMATION_FORMAT = dwarf;
				ENABLE_STRICT_OBJC_MSGSEND = YES;
				ENABLE_TESTABILITY = YES;
				GCC_C_LANGUAGE_STANDARD = gnu99;
				GCC_DYNAMIC_NO_PIC = NO;
				GCC_NO_COMMON_BLOCKS = YES;
				GCC_OPTIMIZATION_LEVEL = 0;
				GCC_PREPROCESSOR_DEFINITIONS = (
					"DEBUG=1",
					"$(inherited)",
				);
				GCC_WARN_64_TO_32_BIT_CONVERSION = YES;
				GCC_WARN_ABOUT_RETURN_TYPE = YES_ERROR;
				GCC_WARN_UNDECLARED_SELECTOR = YES;
				GCC_WARN_UNINITIALIZED_AUTOS = YES_AGGRESSIVE;
				GCC_WARN_UNUSED_FUNCTION = YES;
				GCC_WARN_UNUSED_VARIABLE = YES;
				IPHONEOS_DEPLOYMENT_TARGET = 9.3;
				MTL_ENABLE_DEBUG_INFO = YES;
				ONLY_ACTIVE_ARCH = NO;
				SDKROOT = iphoneos;
				TARGETED_DEVICE_FAMILY = "1,2";
			};
			name = Debug;
		};
		581A7B7B1CEEA206008F791C /* Release */ = {
			isa = XCBuildConfiguration;
			buildSettings = {
				ALWAYS_SEARCH_USER_PATHS = NO;
				CLANG_ANALYZER_NONNULL = YES;
				CLANG_CXX_LANGUAGE_STANDARD = "gnu++0x";
				CLANG_CXX_LIBRARY = "libc++";
				CLANG_ENABLE_MODULES = YES;
				CLANG_ENABLE_OBJC_ARC = YES;
				CLANG_WARN_BOOL_CONVERSION = YES;
				CLANG_WARN_CONSTANT_CONVERSION = YES;
				CLANG_WARN_DIRECT_OBJC_ISA_USAGE = YES_ERROR;
				CLANG_WARN_EMPTY_BODY = YES;
				CLANG_WARN_ENUM_CONVERSION = YES;
				CLANG_WARN_INT_CONVERSION = YES;
				CLANG_WARN_OBJC_ROOT_CLASS = YES_ERROR;
				CLANG_WARN_UNREACHABLE_CODE = YES;
				CLANG_WARN__DUPLICATE_METHOD_MATCH = YES;
				"CODE_SIGN_IDENTITY[sdk=iphoneos*]" = "iPhone Developer";
				COPY_PHASE_STRIP = NO;
				DEBUG_INFORMATION_FORMAT = "dwarf-with-dsym";
				ENABLE_NS_ASSERTIONS = NO;
				ENABLE_STRICT_OBJC_MSGSEND = YES;
				GCC_C_LANGUAGE_STANDARD = gnu99;
				GCC_NO_COMMON_BLOCKS = YES;
				GCC_WARN_64_TO_32_BIT_CONVERSION = YES;
				GCC_WARN_ABOUT_RETURN_TYPE = YES_ERROR;
				GCC_WARN_UNDECLARED_SELECTOR = YES;
				GCC_WARN_UNINITIALIZED_AUTOS = YES_AGGRESSIVE;
				GCC_WARN_UNUSED_FUNCTION = YES;
				GCC_WARN_UNUSED_VARIABLE = YES;
				IPHONEOS_DEPLOYMENT_TARGET = 9.3;
				MTL_ENABLE_DEBUG_INFO = NO;
				SDKROOT = iphoneos;
				TARGETED_DEVICE_FAMILY = "1,2";
				VALIDATE_PRODUCT = YES;
			};
			name = Release;
		};
		581A7B7D1CEEA206008F791C /* Debug */ = {
			isa = XCBuildConfiguration;
			buildSettings = {
				ALWAYS_SEARCH_USER_PATHS = YES;
				ASSETCATALOG_COMPILER_APPICON_NAME = AppIcon;
				CODE_SIGN_IDENTITY = "iPhone Developer";
				"CODE_SIGN_IDENTITY[sdk=iphoneos*]" = "iPhone Developer";
				ENABLE_BITCODE = NO;
				FRAMEWORK_SEARCH_PATHS = (
					$HOME/Library/SDKs/ArcGIS/iOS,
					"$(inherited)",
					"$(SRCROOT)/../libs/lib/",
				);
				HEADER_SEARCH_PATHS = "$(SRCROOT)/../libs/lib/";
				INFOPLIST_FILE = mapdemo/Info.plist;
				IPHONEOS_DEPLOYMENT_TARGET = 7.0;
				LD_RUNPATH_SEARCH_PATHS = "$(inherited) @executable_path/Frameworks";
				LIBRARY_SEARCH_PATHS = (
					"$(inherited)",
					"~/Downloads/geos-3.5.0/geos/platform/mixd",
				);
				ONLY_ACTIVE_ARCH = YES;
				OTHER_LDFLAGS = (
					"$(inherited)",
					"-ObjC",
					"-framework",
					ArcGIS,
					"-lc++",
					"-l\"geos\"",
					"-l\"sqlite3\"",
					"-framework",
					"\"TYLocationEngine\"",
					"-framework",
					"\"TYMapData\"",
					"-framework",
					"\"TYMapSDK\"",
				);
				PRODUCT_BUNDLE_IDENTIFIER = com.o2o.mapdemo;
				PRODUCT_NAME = "$(TARGET_NAME)";
				PROVISIONING_PROFILE = "";
			};
			name = Debug;
		};
		581A7B7E1CEEA206008F791C /* Release */ = {
			isa = XCBuildConfiguration;
			buildSettings = {
				ALWAYS_SEARCH_USER_PATHS = YES;
				ASSETCATALOG_COMPILER_APPICON_NAME = AppIcon;
				CODE_SIGN_IDENTITY = "iPhone Developer";
				"CODE_SIGN_IDENTITY[sdk=iphoneos*]" = "iPhone Developer";
				ENABLE_BITCODE = NO;
				FRAMEWORK_SEARCH_PATHS = (
					$HOME/Library/SDKs/ArcGIS/iOS,
					"$(inherited)",
					"$(SRCROOT)/../libs/lib/",
				);
				HEADER_SEARCH_PATHS = "$(SRCROOT)/../libs/lib/";
				INFOPLIST_FILE = mapdemo/Info.plist;
				IPHONEOS_DEPLOYMENT_TARGET = 7.0;
				LD_RUNPATH_SEARCH_PATHS = "$(inherited) @executable_path/Frameworks";
				LIBRARY_SEARCH_PATHS = (
					"$(inherited)",
					"~/Downloads/geos-3.5.0/geos/platform/mixd",
				);
				ONLY_ACTIVE_ARCH = YES;
				OTHER_LDFLAGS = (
					"$(inherited)",
					"-ObjC",
					"-framework",
					ArcGIS,
					"-lc++",
					"-l\"geos\"",
					"-l\"sqlite3\"",
					"-framework",
					"\"TYLocationEngine\"",
					"-framework",
					"\"TYMapData\"",
					"-framework",
					"\"TYMapSDK\"",
				);
				PRODUCT_BUNDLE_IDENTIFIER = com.o2o.mapdemo;
				PRODUCT_NAME = "$(TARGET_NAME)";
				PROVISIONING_PROFILE = "";
			};
			name = Release;
		};
/* End XCBuildConfiguration section */

/* Begin XCConfigurationList section */
		581A7B601CEEA206008F791C /* Build configuration list for PBXProject "mapdemo" */ = {
			isa = XCConfigurationList;
			buildConfigurations = (
				581A7B7A1CEEA206008F791C /* Debug */,
				581A7B7B1CEEA206008F791C /* Release */,
			);
			defaultConfigurationIsVisible = 0;
			defaultConfigurationName = Release;
		};
		581A7B7C1CEEA206008F791C /* Build configuration list for PBXNativeTarget "mapdemo" */ = {
			isa = XCConfigurationList;
			buildConfigurations = (
				581A7B7D1CEEA206008F791C /* Debug */,
				581A7B7E1CEEA206008F791C /* Release */,
			);
			defaultConfigurationIsVisible = 0;
			defaultConfigurationName = Release;
		};
/* End XCConfigurationList section */
	};
	rootObject = 581A7B5D1CEEA206008F791C /* Project object */;
}
