// !$*UTF8*$!
{
	archiveVersion = 1;
	classes = {
	};
	objectVersion = 46;
	objects = {

/* Begin PBXBuildFile section */
		5817719C1D06695F00B1203C /* libgeos.a in Frameworks */ = {isa = PBXBuildFile; fileRef = 5817719B1D06695F00B1203C /* libgeos.a */; };
		581A7B6A1CEEA206008F791C /* main.m in Sources */ = {isa = PBXBuildFile; fileRef = 581A7B691CEEA206008F791C /* main.m */; };
		581A7B6D1CEEA206008F791C /* AppDelegate.m in Sources */ = {isa = PBXBuildFile; fileRef = 581A7B6C1CEEA206008F791C /* AppDelegate.m */; };
		581A7B701CEEA206008F791C /* ViewController.m in Sources */ = {isa = PBXBuildFile; fileRef = 581A7B6F1CEEA206008F791C /* ViewController.m */; };
		581A7B731CEEA206008F791C /* Main.storyboard in Resources */ = {isa = PBXBuildFile; fileRef = 581A7B711CEEA206008F791C /* Main.storyboard */; };
		581A7B751CEEA206008F791C /* Assets.xcassets in Resources */ = {isa = PBXBuildFile; fileRef = 581A7B741CEEA206008F791C /* Assets.xcassets */; };
		581A7B781CEEA206008F791C /* LaunchScreen.storyboard in Resources */ = {isa = PBXBuildFile; fileRef = 581A7B761CEEA206008F791C /* LaunchScreen.storyboard */; };
		581A7BBC1CEEAC61008F791C /* libsqlite3.0.tbd in Frameworks */ = {isa = PBXBuildFile; fileRef = 581A7BBB1CEEAC61008F791C /* libsqlite3.0.tbd */; };
		77CB8C37CF53B51D0B6D2775 /* libPods-mapdemo.a in Frameworks */ = {isa = PBXBuildFile; fileRef = 7FF4B29727FE8F101A729644 /* libPods-mapdemo.a */; };
/* End PBXBuildFile section */

/* Begin PBXFileReference section */
		5817719B1D06695F00B1203C /* libgeos.a */ = {isa = PBXFileReference; lastKnownFileType = archive.ar; name = libgeos.a; path = "../../../../../Downloads/geos-3.5.0/geos/platform/libgeos.a"; sourceTree = "<group>"; };
		581A7B651CEEA206008F791C /* mapdemo.app */ = {isa = PBXFileReference; explicitFileType = wrapper.application; includeInIndex = 0; path = mapdemo.app; sourceTree = BUILT_PRODUCTS_DIR; };
		581A7B691CEEA206008F791C /* main.m */ = {isa = PBXFileReference; lastKnownFileType = sourcecode.c.objc; path = main.m; sourceTree = "<group>"; };
		581A7B6B1CEEA206008F791C /* AppDelegate.h */ = {isa = PBXFileReference; lastKnownFileType = sourcecode.c.h; path = AppDelegate.h; sourceTree = "<group>"; };
		581A7B6C1CEEA206008F791C /* AppDelegate.m */ = {isa = PBXFileReference; lastKnownFileType = sourcecode.c.objc; path = AppDelegate.m; sourceTree = "<group>"; };
		581A7B6E1CEEA206008F791C /* ViewController.h */ = {isa = PBXFileReference; lastKnownFileType = sourcecode.c.h; path = ViewController.h; sourceTree = "<group>"; };
		581A7B6F1CEEA206008F791C /* ViewController.m */ = {isa = PBXFileReference; lastKnownFileType = sourcecode.c.objc; path = ViewController.m; sourceTree = "<group>"; wrapsLines = 0; };
		581A7B721CEEA206008F791C /* Base */ = {isa = PBXFileReference; lastKnownFileType = file.storyboard; name = Base; path = Base.lproj/Main.storyboard; sourceTree = "<group>"; };
		581A7B741CEEA206008F791C /* Assets.xcassets */ = {isa = PBXFileReference; lastKnownFileType = folder.assetcatalog; path = Assets.xcassets; sourceTree = "<group>"; };
		581A7B771CEEA206008F791C /* Base */ = {isa = PBXFileReference; lastKnownFileType = file.storyboard; name = Base; path = Base.lproj/LaunchScreen.storyboard; sourceTree = "<group>"; };
		581A7B791CEEA206008F791C /* Info.plist */ = {isa = PBXFileReference; lastKnownFileType = text.plist.xml; path = Info.plist; sourceTree = "<group>"; };
		581A7BBB1CEEAC61008F791C /* libsqlite3.0.tbd */ = {isa = PBXFileReference; lastKnownFileType = "sourcecode.text-based-dylib-definition"; name = libsqlite3.0.tbd; path = usr/lib/libsqlite3.0.tbd; sourceTree = SDKROOT; };
		7FF4B29727FE8F101A729644 /* libPods-mapdemo.a */ = {isa = PBXFileReference; explicitFileType = archive.ar; includeInIndex = 0; path = "libPods-mapdemo.a"; sourceTree = BUILT_PRODUCTS_DIR; };
		84050A76411FD418143DCEE4 /* Pods-mapdemo.debug.xcconfig */ = {isa = PBXFileReference; includeInIndex = 1; lastKnownFileType = text.xcconfig; name = "Pods-mapdemo.debug.xcconfig"; path = "Pods/Target Support Files/Pods-mapdemo/Pods-mapdemo.debug.xcconfig"; sourceTree = "<group>"; };
		C432E5052E51400333442AE8 /* Pods-mapdemo.release.xcconfig */ = {isa = PBXFileReference; includeInIndex = 1; lastKnownFileType = text.xcconfig; name = "Pods-mapdemo.release.xcconfig"; path = "Pods/Target Support Files/Pods-mapdemo/Pods-mapdemo.release.xcconfig"; sourceTree = "<group>"; };
/* End PBXFileReference section */

/* Begin PBXFrameworksBuildPhase section */
		581A7B621CEEA206008F791C /* Frameworks */ = {
			isa = PBXFrameworksBuildPhase;
			buildActionMask = 2147483647;
			files = (
				581A7BBC1CEEAC61008F791C /* libsqlite3.0.tbd in Frameworks */,
				77CB8C37CF53B51D0B6D2775 /* libPods-mapdemo.a in Frameworks */,
				5817719C1D06695F00B1203C /* libgeos.a in Frameworks */,
			);
			runOnlyForDeploymentPostprocessing = 0;
		};
/* End PBXFrameworksBuildPhase section */

/* Begin PBXGroup section */
		581A7B5C1CEEA206008F791C = {
			isa = PBXGroup;
			children = (
				581A7B671CEEA206008F791C /* mapdemo */,
				581A7B661CEEA206008F791C /* Products */,
				6B241AC2BC04C0C3F5230A3C /* Pods */,
				775DCDEA34FF5F233A7D4C84 /* Frameworks */,
			);
			sourceTree = "<group>";
		};
		581A7B661CEEA206008F791C /* Products */ = {
			isa = PBXGroup;
			children = (
				581A7B651CEEA206008F791C /* mapdemo.app */,
			);
			name = Products;
			sourceTree = "<group>";
		};
		581A7B671CEEA206008F791C /* mapdemo */ = {
			isa = PBXGroup;
			children = (
				581A7B6B1CEEA206008F791C /* AppDelegate.h */,
				581A7B6C1CEEA206008F791C /* AppDelegate.m */,
				581A7B6E1CEEA206008F791C /* ViewController.h */,
				581A7B6F1CEEA206008F791C /* ViewController.m */,
				581A7B711CEEA206008F791C /* Main.storyboard */,
				581A7B741CEEA206008F791C /* Assets.xcassets */,
				581A7B761CEEA206008F791C /* LaunchScreen.storyboard */,
				581A7B791CEEA206008F791C /* Info.plist */,
				581A7B681CEEA206008F791C /* Supporting Files */,
			);
			path = mapdemo;
			sourceTree = "<group>";
		};
		581A7B681CEEA206008F791C /* Supporting Files */ = {
			isa = PBXGroup;
			children = (
				581A7BBB1CEEAC61008F791C /* libsqlite3.0.tbd */,
				581A7B691CEEA206008F791C /* main.m */,
			);
			name = "Supporting Files";
			sourceTree = "<group>";
		};
		6B241AC2BC04C0C3F5230A3C /* Pods */ = {
			isa = PBXGroup;
			children = (
				84050A76411FD418143DCEE4 /* Pods-mapdemo.debug.xcconfig */,
				C432E5052E51400333442AE8 /* Pods-mapdemo.release.xcconfig */,
			);
			name = Pods;
			sourceTree = "<group>";
		};
		775DCDEA34FF5F233A7D4C84 /* Frameworks */ = {
			isa = PBXGroup;
			children = (
				5817719B1D06695F00B1203C /* libgeos.a */,
				7FF4B29727FE8F101A729644 /* libPods-mapdemo.a */,
			);
			name = Frameworks;
			sourceTree = "<group>";
		};
/* End PBXGroup section */

/* Begin PBXNativeTarget section */
		581A7B641CEEA206008F791C /* mapdemo */ = {
			isa = PBXNativeTarget;
			buildConfigurationList = 581A7B7C1CEEA206008F791C /* Build configuration list for PBXNativeTarget "mapdemo" */;
			buildPhases = (
				2BCB056B66C9782C98CE943C /* 📦 Check Pods Manifest.lock */,
				581A7B611CEEA206008F791C /* Sources */,
				581A7B621CEEA206008F791C /* Frameworks */,
				581A7B631CEEA206008F791C /* Resources */,
				D30AA5209B6A26CCA7F6C863 /* 📦 Embed Pods Frameworks */,
				9764112214A5671D81563514 /* 📦 Copy Pods Resources */,
			);
			buildRules = (
			);
			dependencies = (
			);
			name = mapdemo;
			productName = mapdemo;
			productReference = 581A7B651CEEA206008F791C /* mapdemo.app */;
			productType = "com.apple.product-type.application";
		};
/* End PBXNativeTarget section */

/* Begin PBXProject section */
		581A7B5D1CEEA206008F791C /* Project object */ = {
			isa = PBXProject;
			attributes = {
				LastUpgradeCheck = 0730;
				ORGANIZATIONNAME = thomasho;
				TargetAttributes = {
					581A7B641CEEA206008F791C = {
						CreatedOnToolsVersion = 7.3;
					};
				};
			};
			buildConfigurationList = 581A7B601CEEA206008F791C /* Build configuration list for PBXProject "mapdemo" */;
			compatibilityVersion = "Xcode 3.2";
			developmentRegion = English;
			hasScannedForEncodings = 0;
			knownRegions = (
				en,
				Base,
			);
			mainGroup = 581A7B5C1CEEA206008F791C;
			productRefGroup = 581A7B661CEEA206008F791C /* Products */;
			projectDirPath = "";
			projectRoot = "";
			targets = (
				581A7B641CEEA206008F791C /* mapdemo */,
			);
		};
/* End PBXProject section */

/* Begin PBXResourcesBuildPhase section */
		581A7B631CEEA206008F791C /* Resources */ = {
			isa = PBXResourcesBuildPhase;
			buildActionMask = 2147483647;
			files = (
				581A7B781CEEA206008F791C /* LaunchScreen.storyboard in Resources */,
				581A7B751CEEA206008F791C /* Assets.xcassets in Resources */,
				581A7B731CEEA206008F791C /* Main.storyboard in Resources */,
			);
			runOnlyForDeploymentPostprocessing = 0;
		};
/* End PBXResourcesBuildPhase section */

/* Begin PBXShellScriptBuildPhase section */
		2BCB056B66C9782C98CE943C /* 📦 Check Pods Manifest.lock */ = {
			isa = PBXShellScriptBuildPhase;
			buildActionMask = 2147483647;
			files = (
			);
			inputPaths = (
			);
			name = "📦 Check Pods Manifest.lock";
			outputPaths = (
			);
			runOnlyForDeploymentPostprocessing = 0;
			shellPath = /bin/sh;
			shellScript = "diff \"${PODS_ROOT}/../Podfile.lock\" \"${PODS_ROOT}/Manifest.lock\" > /dev/null\nif [[ $? != 0 ]] ; then\n    cat << EOM\nerror: The sandbox is not in sync with the Podfile.lock. Run 'pod install' or update your CocoaPods installation.\nEOM\n    exit 1\nfi\n";
			showEnvVarsInLog = 0;
		};
		9764112214A5671D81563514 /* 📦 Copy Pods Resources */ = {
			isa = PBXShellScriptBuildPhase;
			buildActionMask = 2147483647;
			files = (
			);
			inputPaths = (
			);
			name = "📦 Copy Pods Resources";
			outputPaths = (
			);
			runOnlyForDeploymentPostprocessing = 0;
			shellPath = /bin/sh;
			shellScript = "\"${SRCROOT}/Pods/Target Support Files/Pods-mapdemo/Pods-mapdemo-resources.sh\"\n";
			showEnvVarsInLog = 0;
		};
		D30AA5209B6A26CCA7F6C863 /* 📦 Embed Pods Frameworks */ = {
			isa = PBXShellScriptBuildPhase;
			buildActionMask = 2147483647;
			files = (
			);
			inputPaths = (
			);
			name = "📦 Embed Pods Frameworks";
			outputPaths = (
			);
			runOnlyForDeploymentPostprocessing = 0;
			shellPath = /bin/sh;
			shellScript = "\"${SRCROOT}/Pods/Target Support Files/Pods-mapdemo/Pods-mapdemo-frameworks.sh\"\n";
			showEnvVarsInLog = 0;
		};
/* End PBXShellScriptBuildPhase section */

/* Begin PBXSourcesBuildPhase section */
		581A7B611CEEA206008F791C /* Sources */ = {
			isa = PBXSourcesBuildPhase;
			buildActionMask = 2147483647;
			files = (
				581A7B701CEEA206008F791C /* ViewController.m in Sources */,
				581A7B6D1CEEA206008F791C /* AppDelegate.m in Sources */,
				581A7B6A1CEEA206008F791C /* main.m in Sources */,
			);
			runOnlyForDeploymentPostprocessing = 0;
		};
/* End PBXSourcesBuildPhase section */

/* Begin PBXVariantGroup section */
		581A7B711CEEA206008F791C /* Main.storyboard */ = {
			isa = PBXVariantGroup;
			children = (
				581A7B721CEEA206008F791C /* Base */,
			);
			name = Main.storyboard;
			sourceTree = "<group>";
		};
		581A7B761CEEA206008F791C /* LaunchScreen.storyboard */ = {
			isa = PBXVariantGroup;
			children = (
				581A7B771CEEA206008F791C /* Base */,
			);
			name = LaunchScreen.storyboard;
			sourceTree = "<group>";
		};
/* End PBXVariantGroup section */

/* Begin XCBuildConfiguration section */
		581A7B7A1CEEA206008F791C /* Debug */ = {
			isa = XCBuildConfiguration;
			buildSettings = {
				ALWAYS_SEARCH_USER_PATHS = NO;
				CLANG_ANALYZER_NONNULL = YES;
				CLANG_CXX_LANGUAGE_STANDARD = "gnu++0x";
				CLANG_CXX_LIBRARY = "libc++";
				CLANG_ENABLE_MODULES = YES;
				CLANG_ENABLE_OBJC_ARC = YES;
				CLANG_WARN_BOOL_CONVERSION = YES;
				CLANG_WARN_CONSTANT_CONVERSION = YES;
				CLANG_WARN_DIRECT_OBJC_ISA_USAGE = YES_ERROR;
				CLANG_WARN_EMPTY_BODY = YES;
				CLANG_WARN_ENUM_CONVERSION = YES;
				CLANG_WARN_INT_CONVERSION = YES;
				CLANG_WARN_OBJC_ROOT_CLASS = YES_ERROR;
				CLANG_WARN_UNREACHABLE_CODE = YES;
				CLANG_WARN__DUPLICATE_METHOD_MATCH = YES;
				"CODE_SIGN_IDENTITY[sdk=iphoneos*]" = "iPhone Developer";
				COPY_PHASE_STRIP = NO;
				DEBUG_INFORMATION_FORMAT = dwarf;
				ENABLE_STRICT_OBJC_MSGSEND = YES;
				ENABLE_TESTABILITY = YES;
				GCC_C_LANGUAGE_STANDARD = gnu99;
				GCC_DYNAMIC_NO_PIC = NO;
				GCC_NO_COMMON_BLOCKS = YES;
				GCC_OPTIMIZATION_LEVEL = 0;
				GCC_PREPROCESSOR_DEFINITIONS = (
					"DEBUG=1",
					"$(inherited)",
				);
				GCC_WARN_64_TO_32_BIT_CONVERSION = YES;
				GCC_WARN_ABOUT_RETURN_TYPE = YES_ERROR;
				GCC_WARN_UNDECLARED_SELECTOR = YES;
				GCC_WARN_UNINITIALIZED_AUTOS = YES_AGGRESSIVE;
				GCC_WARN_UNUSED_FUNCTION = YES;
				GCC_WARN_UNUSED_VARIABLE = YES;
				IPHONEOS_DEPLOYMENT_TARGET = 9.3;
				MTL_ENABLE_DEBUG_INFO = YES;
				ONLY_ACTIVE_ARCH = YES;
				SDKROOT = iphoneos;
				TARGETED_DEVICE_FAMILY = "1,2";
			};
			name = Debug;
		};
		581A7B7B1CEEA206008F791C /* Release */ = {
			isa = XCBuildConfiguration;
			buildSettings = {
				ALWAYS_SEARCH_USER_PATHS = NO;
				CLANG_ANALYZER_NONNULL = YES;
				CLANG_CXX_LANGUAGE_STANDARD = "gnu++0x";
				CLANG_CXX_LIBRARY = "libc++";
				CLANG_ENABLE_MODULES = YES;
				CLANG_ENABLE_OBJC_ARC = YES;
				CLANG_WARN_BOOL_CONVERSION = YES;
				CLANG_WARN_CONSTANT_CONVERSION = YES;
				CLANG_WARN_DIRECT_OBJC_ISA_USAGE = YES_ERROR;
				CLANG_WARN_EMPTY_BODY = YES;
				CLANG_WARN_ENUM_CONVERSION = YES;
				CLANG_WARN_INT_CONVERSION = YES;
				CLANG_WARN_OBJC_ROOT_CLASS = YES_ERROR;
				CLANG_WARN_UNREACHABLE_CODE = YES;
				CLANG_WARN__DUPLICATE_METHOD_MATCH = YES;
				"CODE_SIGN_IDENTITY[sdk=iphoneos*]" = "iPhone Developer";
				COPY_PHASE_STRIP = NO;
				DEBUG_INFORMATION_FORMAT = "dwarf-with-dsym";
				ENABLE_NS_ASSERTIONS = NO;
				ENABLE_STRICT_OBJC_MSGSEND = YES;
				GCC_C_LANGUAGE_STANDARD = gnu99;
				GCC_NO_COMMON_BLOCKS = YES;
				GCC_WARN_64_TO_32_BIT_CONVERSION = YES;
				GCC_WARN_ABOUT_RETURN_TYPE = YES_ERROR;
				GCC_WARN_UNDECLARED_SELECTOR = YES;
				GCC_WARN_UNINITIALIZED_AUTOS = YES_AGGRESSIVE;
				GCC_WARN_UNUSED_FUNCTION = YES;
				GCC_WARN_UNUSED_VARIABLE = YES;
				IPHONEOS_DEPLOYMENT_TARGET = 9.3;
				MTL_ENABLE_DEBUG_INFO = NO;
				SDKROOT = iphoneos;
				TARGETED_DEVICE_FAMILY = "1,2";
				VALIDATE_PRODUCT = YES;
			};
			name = Release;
		};
		581A7B7D1CEEA206008F791C /* Debug */ = {
			isa = XCBuildConfiguration;
			baseConfigurationReference = 84050A76411FD418143DCEE4 /* Pods-mapdemo.debug.xcconfig */;
			buildSettings = {
				ALWAYS_SEARCH_USER_PATHS = YES;
				ASSETCATALOG_COMPILER_APPICON_NAME = AppIcon;
				ENABLE_BITCODE = NO;
				FRAMEWORK_SEARCH_PATHS = (
					$HOME/Library/SDKs/ArcGIS/iOS,
					"$(inherited)",
				);
				HEADER_SEARCH_PATHS = "$(inherited)";
				INFOPLIST_FILE = mapdemo/Info.plist;
				IPHONEOS_DEPLOYMENT_TARGET = 7.0;
				LD_RUNPATH_SEARCH_PATHS = "$(inherited) @executable_path/Frameworks";
				LIBRARY_SEARCH_PATHS = "/Users/thomasho/Downloads/geos-3.5.0/geos/platform";
				OTHER_LDFLAGS = (
					"-ObjC",
					"-framework",
					ArcGIS,
					"-lc++",
					"-l\"geos\"",
					"-l\"sqlite3\"",
					"-framework",
					"\"TYLocationEngine\"",
					"-framework",
					"\"TYMapData\"",
					"-framework",
					"\"TYMapSDK\"",
				);
				PRODUCT_BUNDLE_IDENTIFIER = com.o2o.mapdemo;
				PRODUCT_NAME = "$(TARGET_NAME)";
			};
			name = Debug;
		};
		581A7B7E1CEEA206008F791C /* Release */ = {
			isa = XCBuildConfiguration;
			baseConfigurationReference = C432E5052E51400333442AE8 /* Pods-mapdemo.release.xcconfig */;
			buildSettings = {
				ALWAYS_SEARCH_USER_PATHS = YES;
				ASSETCATALOG_COMPILER_APPICON_NAME = AppIcon;
				ENABLE_BITCODE = NO;
				FRAMEWORK_SEARCH_PATHS = (
					$HOME/Library/SDKs/ArcGIS/iOS,
					"$(inherited)",
				);
				HEADER_SEARCH_PATHS = "$(inherited)";
				INFOPLIST_FILE = mapdemo/Info.plist;
				IPHONEOS_DEPLOYMENT_TARGET = 7.0;
				LD_RUNPATH_SEARCH_PATHS = "$(inherited) @executable_path/Frameworks";
				LIBRARY_SEARCH_PATHS = "/Users/thomasho/Downloads/geos-3.5.0/geos/platform";
				OTHER_LDFLAGS = (
					"-ObjC",
					"-framework",
					ArcGIS,
					"-lc++",
					"-l\"geos\"",
					"-l\"sqlite3\"",
					"-framework",
					"\"TYLocationEngine\"",
					"-framework",
					"\"TYMapData\"",
					"-framework",
					"\"TYMapSDK\"",
				);
				PRODUCT_BUNDLE_IDENTIFIER = com.o2o.mapdemo;
				PRODUCT_NAME = "$(TARGET_NAME)";
			};
			name = Release;
		};
/* End XCBuildConfiguration section */

/* Begin XCConfigurationList section */
		581A7B601CEEA206008F791C /* Build configuration list for PBXProject "mapdemo" */ = {
			isa = XCConfigurationList;
			buildConfigurations = (
				581A7B7A1CEEA206008F791C /* Debug */,
				581A7B7B1CEEA206008F791C /* Release */,
			);
			defaultConfigurationIsVisible = 0;
			defaultConfigurationName = Release;
		};
		581A7B7C1CEEA206008F791C /* Build configuration list for PBXNativeTarget "mapdemo" */ = {
			isa = XCConfigurationList;
			buildConfigurations = (
				581A7B7D1CEEA206008F791C /* Debug */,
				581A7B7E1CEEA206008F791C /* Release */,
			);
			defaultConfigurationIsVisible = 0;
			defaultConfigurationName = Release;
		};
/* End XCConfigurationList section */
	};
	rootObject = 581A7B5D1CEEA206008F791C /* Project object */;
}
