// !$*UTF8*$!
{
	archiveVersion = 1;
	classes = {
	};
	objectVersion = 46;
	objects = {

/* Begin PBXBuildFile section */
		58138A611F1E4238006A4A7F /* MapInfoVC.m in Sources */ = {isa = PBXBuildFile; fileRef = 58138A601F1E4238006A4A7F /* MapInfoVC.m */; };
		5814CF541ECD57160004962B /* libz.tbd in Frameworks */ = {isa = PBXBuildFile; fileRef = 58E56A391D4A1B8D00823924 /* libz.tbd */; };
		581A7B6A1CEEA206008F791C /* main.m in Sources */ = {isa = PBXBuildFile; fileRef = 581A7B691CEEA206008F791C /* main.m */; };
		581A7B6D1CEEA206008F791C /* AppDelegate.m in Sources */ = {isa = PBXBuildFile; fileRef = 581A7B6C1CEEA206008F791C /* AppDelegate.m */; };
		581A7B701CEEA206008F791C /* ViewController.m in Sources */ = {isa = PBXBuildFile; fileRef = 581A7B6F1CEEA206008F791C /* ViewController.m */; };
		581EE2731F208A690088256F /* MapSetting.m in Sources */ = {isa = PBXBuildFile; fileRef = 581EE2721F208A690088256F /* MapSetting.m */; };
		581EE2761F20A3730088256F /* MapCoorVC.m in Sources */ = {isa = PBXBuildFile; fileRef = 581EE2751F20A3730088256F /* MapCoorVC.m */; };
		58277FA71F30061F008D4518 /* RouteHintVC.m in Sources */ = {isa = PBXBuildFile; fileRef = 58277FA61F30061F008D4518 /* RouteHintVC.m */; };
		5836E49F1E07D737008F5BB0 /* POIVC.m in Sources */ = {isa = PBXBuildFile; fileRef = 5836E49E1E07D737008F5BB0 /* POIVC.m */; };
		583964B71F31581100D4A0AC /* LocationSnapVC.m in Sources */ = {isa = PBXBuildFile; fileRef = 583964B61F31581100D4A0AC /* LocationSnapVC.m */; };
		584CD63E1E03DA2500EC1757 /* LayerVC.m in Sources */ = {isa = PBXBuildFile; fileRef = 584CD63D1E03DA2500EC1757 /* LayerVC.m */; };
		584CD6441E03E0B100EC1757 /* RouteVC.m in Sources */ = {isa = PBXBuildFile; fileRef = 584CD6431E03E0B100EC1757 /* RouteVC.m */; };
		584CD6471E03E0BC00EC1757 /* LocationVC.m in Sources */ = {isa = PBXBuildFile; fileRef = 584CD6461E03E0BC00EC1757 /* LocationVC.m */; };
		586C224B1DDD86DB00C31931 /* TYMapSDK.framework in Frameworks */ = {isa = PBXBuildFile; fileRef = 586C224A1DDD86DB00C31931 /* TYMapSDK.framework */; };
		586C224E1DDD86E300C31931 /* TYLocationEngine.framework in Frameworks */ = {isa = PBXBuildFile; fileRef = 586C224C1DDD86E300C31931 /* TYLocationEngine.framework */; };
		586C224F1DDD86E300C31931 /* TYMapData.framework in Frameworks */ = {isa = PBXBuildFile; fileRef = 586C224D1DDD86E300C31931 /* TYMapData.framework */; };
		5875716B1E079F8600E96CA4 /* UIImageView+AGSNorthArrow.m in Sources */ = {isa = PBXBuildFile; fileRef = 5875716A1E079F8600E96CA4 /* UIImageView+AGSNorthArrow.m */; };
		58948AAB1E8D296800BA5E88 /* TYTileMapSDK.framework in Frameworks */ = {isa = PBXBuildFile; fileRef = 58948AAA1E8D296800BA5E88 /* TYTileMapSDK.framework */; };
		58D877B41E261163000F31DD /* TileVC.m in Sources */ = {isa = PBXBuildFile; fileRef = 58D877B31E261163000F31DD /* TileVC.m */; };
		58F2ADBC1EC9C8EB00460823 /* Assets.xcassets in Resources */ = {isa = PBXBuildFile; fileRef = 58F2ADBB1EC9C8EB00460823 /* Assets.xcassets */; };
		58F449AF1DFFE9830025B433 /* DemoTableVC.m in Sources */ = {isa = PBXBuildFile; fileRef = 58F449AE1DFFE9830025B433 /* DemoTableVC.m */; };
		58F449B21DFFF2470025B433 /* BaseMapVC.m in Sources */ = {isa = PBXBuildFile; fileRef = 58F449B11DFFF2470025B433 /* BaseMapVC.m */; };
		58F449B51E0000CC0025B433 /* MapVC.m in Sources */ = {isa = PBXBuildFile; fileRef = 58F449B41E0000CC0025B433 /* MapVC.m */; };
		58F449B91E012DBD0025B433 /* CalloutVC.m in Sources */ = {isa = PBXBuildFile; fileRef = 58F449B81E012DBD0025B433 /* CalloutVC.m */; };
		58F64B901F2B2AB400B23FDE /* MapLayer.m in Sources */ = {isa = PBXBuildFile; fileRef = 58F64B8F1F2B2AB400B23FDE /* MapLayer.m */; };
		58F64B931F2EA7D100B23FDE /* GestureVC.m in Sources */ = {isa = PBXBuildFile; fileRef = 58F64B921F2EA7D100B23FDE /* GestureVC.m */; };
		58F64B971F2EC19900B23FDE /* ControlNorthVC.m in Sources */ = {isa = PBXBuildFile; fileRef = 58F64B961F2EC19900B23FDE /* ControlNorthVC.m */; };
		58F64B9A1F2ECB8300B23FDE /* LineVC.m in Sources */ = {isa = PBXBuildFile; fileRef = 58F64B991F2ECB8300B23FDE /* LineVC.m */; };
		58F64B9D1F2ECF4100B23FDE /* AreaVC.m in Sources */ = {isa = PBXBuildFile; fileRef = 58F64B9C1F2ECF4100B23FDE /* AreaVC.m */; };
		58F64BA01F2ED71400B23FDE /* FenceVC.m in Sources */ = {isa = PBXBuildFile; fileRef = 58F64B9F1F2ED71400B23FDE /* FenceVC.m */; };
		58F64BA41F2EFD2700B23FDE /* SearchNameVC.m in Sources */ = {isa = PBXBuildFile; fileRef = 58F64BA31F2EFD2700B23FDE /* SearchNameVC.m */; };
		58F64BA71F2F000100B23FDE /* SearchFacilityVC.m in Sources */ = {isa = PBXBuildFile; fileRef = 58F64BA61F2F000100B23FDE /* SearchFacilityVC.m */; };
		58F64BAA1F2F2D2200B23FDE /* SearchDistanceVC.m in Sources */ = {isa = PBXBuildFile; fileRef = 58F64BA91F2F2D2200B23FDE /* SearchDistanceVC.m */; };
		58F64BAD1F2F5D6800B23FDE /* RouteDistanceVC.m in Sources */ = {isa = PBXBuildFile; fileRef = 58F64BAC1F2F5D6800B23FDE /* RouteDistanceVC.m */; };
/* End PBXBuildFile section */

/* Begin PBXContainerItemProxy section */
		5881DD9A1ECEE83200A43BC8 /* PBXContainerItemProxy */ = {
			isa = PBXContainerItemProxy;
			containerPortal = 58B4452E1EAF1BEE00695228 /* geos.xcodeproj */;
			proxyType = 1;
			remoteGlobalIDString = 58E196521EA6FA5000AE8A10;
			remoteInfo = geos;
		};
		58B445321EAF1BEE00695228 /* PBXContainerItemProxy */ = {
			isa = PBXContainerItemProxy;
			containerPortal = 58B4452E1EAF1BEE00695228 /* geos.xcodeproj */;
			proxyType = 2;
			remoteGlobalIDString = 58E196531EA6FA5000AE8A10;
			remoteInfo = geos;
		};
/* End PBXContainerItemProxy section */

/* Begin PBXFileReference section */
		58138A5F1F1E4238006A4A7F /* MapInfoVC.h */ = {isa = PBXFileReference; fileEncoding = 4; lastKnownFileType = sourcecode.c.h; path = MapInfoVC.h; sourceTree = "<group>"; };
		58138A601F1E4238006A4A7F /* MapInfoVC.m */ = {isa = PBXFileReference; fileEncoding = 4; lastKnownFileType = sourcecode.c.objc; path = MapInfoVC.m; sourceTree = "<group>"; };
		581A7B651CEEA206008F791C /* mapdemo.app */ = {isa = PBXFileReference; explicitFileType = wrapper.application; includeInIndex = 0; path = mapdemo.app; sourceTree = BUILT_PRODUCTS_DIR; };
		581A7B691CEEA206008F791C /* main.m */ = {isa = PBXFileReference; lastKnownFileType = sourcecode.c.objc; path = main.m; sourceTree = "<group>"; };
		581A7B6B1CEEA206008F791C /* AppDelegate.h */ = {isa = PBXFileReference; lastKnownFileType = sourcecode.c.h; path = AppDelegate.h; sourceTree = "<group>"; };
		581A7B6C1CEEA206008F791C /* AppDelegate.m */ = {isa = PBXFileReference; lastKnownFileType = sourcecode.c.objc; path = AppDelegate.m; sourceTree = "<group>"; };
		581A7B6E1CEEA206008F791C /* ViewController.h */ = {isa = PBXFileReference; lastKnownFileType = sourcecode.c.h; path = ViewController.h; sourceTree = "<group>"; };
		581A7B6F1CEEA206008F791C /* ViewController.m */ = {isa = PBXFileReference; lastKnownFileType = sourcecode.c.objc; path = ViewController.m; sourceTree = "<group>"; wrapsLines = 0; };
		581A7B791CEEA206008F791C /* Info.plist */ = {isa = PBXFileReference; lastKnownFileType = text.plist.xml; path = Info.plist; sourceTree = "<group>"; };
		581A7BBB1CEEAC61008F791C /* libsqlite3.0.tbd */ = {isa = PBXFileReference; lastKnownFileType = "sourcecode.text-based-dylib-definition"; name = libsqlite3.0.tbd; path = usr/lib/libsqlite3.0.tbd; sourceTree = SDKROOT; };
		581EE2711F208A690088256F /* MapSetting.h */ = {isa = PBXFileReference; fileEncoding = 4; lastKnownFileType = sourcecode.c.h; path = MapSetting.h; sourceTree = "<group>"; };
		581EE2721F208A690088256F /* MapSetting.m */ = {isa = PBXFileReference; fileEncoding = 4; lastKnownFileType = sourcecode.c.objc; path = MapSetting.m; sourceTree = "<group>"; };
		581EE2741F20A3730088256F /* MapCoorVC.h */ = {isa = PBXFileReference; fileEncoding = 4; lastKnownFileType = sourcecode.c.h; path = MapCoorVC.h; sourceTree = "<group>"; };
		581EE2751F20A3730088256F /* MapCoorVC.m */ = {isa = PBXFileReference; fileEncoding = 4; lastKnownFileType = sourcecode.c.objc; path = MapCoorVC.m; sourceTree = "<group>"; };
		58277FA51F30061F008D4518 /* RouteHintVC.h */ = {isa = PBXFileReference; fileEncoding = 4; lastKnownFileType = sourcecode.c.h; path = RouteHintVC.h; sourceTree = "<group>"; };
		58277FA61F30061F008D4518 /* RouteHintVC.m */ = {isa = PBXFileReference; fileEncoding = 4; lastKnownFileType = sourcecode.c.objc; path = RouteHintVC.m; sourceTree = "<group>"; };
		583237701EA46B280037940B /* libstdc++.6.0.9.tbd */ = {isa = PBXFileReference; lastKnownFileType = "sourcecode.text-based-dylib-definition"; name = "libstdc++.6.0.9.tbd"; path = "usr/lib/libstdc++.6.0.9.tbd"; sourceTree = SDKROOT; };
		583237721EA46BD20037940B /* libstdc++.tbd */ = {isa = PBXFileReference; lastKnownFileType = "sourcecode.text-based-dylib-definition"; name = "libstdc++.tbd"; path = "usr/lib/libstdc++.tbd"; sourceTree = SDKROOT; };
		583237761EA470100037940B /* libstdc++.6.tbd */ = {isa = PBXFileReference; lastKnownFileType = "sourcecode.text-based-dylib-definition"; name = "libstdc++.6.tbd"; path = "usr/lib/libstdc++.6.tbd"; sourceTree = SDKROOT; };
		5836E49D1E07D737008F5BB0 /* POIVC.h */ = {isa = PBXFileReference; fileEncoding = 4; lastKnownFileType = sourcecode.c.h; path = POIVC.h; sourceTree = "<group>"; };
		5836E49E1E07D737008F5BB0 /* POIVC.m */ = {isa = PBXFileReference; fileEncoding = 4; lastKnownFileType = sourcecode.c.objc; path = POIVC.m; sourceTree = "<group>"; };
		583964B51F31581100D4A0AC /* LocationSnapVC.h */ = {isa = PBXFileReference; fileEncoding = 4; lastKnownFileType = sourcecode.c.h; path = LocationSnapVC.h; sourceTree = "<group>"; };
		583964B61F31581100D4A0AC /* LocationSnapVC.m */ = {isa = PBXFileReference; fileEncoding = 4; lastKnownFileType = sourcecode.c.objc; path = LocationSnapVC.m; sourceTree = "<group>"; };
		584CD63C1E03DA2500EC1757 /* LayerVC.h */ = {isa = PBXFileReference; fileEncoding = 4; lastKnownFileType = sourcecode.c.h; path = LayerVC.h; sourceTree = "<group>"; };
		584CD63D1E03DA2500EC1757 /* LayerVC.m */ = {isa = PBXFileReference; fileEncoding = 4; lastKnownFileType = sourcecode.c.objc; path = LayerVC.m; sourceTree = "<group>"; };
		584CD6421E03E0B100EC1757 /* RouteVC.h */ = {isa = PBXFileReference; fileEncoding = 4; lastKnownFileType = sourcecode.c.h; path = RouteVC.h; sourceTree = "<group>"; };
		584CD6431E03E0B100EC1757 /* RouteVC.m */ = {isa = PBXFileReference; fileEncoding = 4; lastKnownFileType = sourcecode.c.objc; path = RouteVC.m; sourceTree = "<group>"; };
		584CD6451E03E0BC00EC1757 /* LocationVC.h */ = {isa = PBXFileReference; fileEncoding = 4; lastKnownFileType = sourcecode.c.h; path = LocationVC.h; sourceTree = "<group>"; };
		584CD6461E03E0BC00EC1757 /* LocationVC.m */ = {isa = PBXFileReference; fileEncoding = 4; lastKnownFileType = sourcecode.c.objc; path = LocationVC.m; sourceTree = "<group>"; };
		586C224A1DDD86DB00C31931 /* TYMapSDK.framework */ = {isa = PBXFileReference; lastKnownFileType = wrapper.framework; path = TYMapSDK.framework; sourceTree = "<group>"; };
		586C224C1DDD86E300C31931 /* TYLocationEngine.framework */ = {isa = PBXFileReference; lastKnownFileType = wrapper.framework; path = TYLocationEngine.framework; sourceTree = "<group>"; };
		586C224D1DDD86E300C31931 /* TYMapData.framework */ = {isa = PBXFileReference; lastKnownFileType = wrapper.framework; path = TYMapData.framework; sourceTree = "<group>"; };
		587571691E079F8600E96CA4 /* UIImageView+AGSNorthArrow.h */ = {isa = PBXFileReference; fileEncoding = 4; lastKnownFileType = sourcecode.c.h; path = "UIImageView+AGSNorthArrow.h"; sourceTree = "<group>"; };
		5875716A1E079F8600E96CA4 /* UIImageView+AGSNorthArrow.m */ = {isa = PBXFileReference; fileEncoding = 4; lastKnownFileType = sourcecode.c.objc; path = "UIImageView+AGSNorthArrow.m"; sourceTree = "<group>"; };
		588877901EA06CC8004111C3 /* libgeos.a */ = {isa = PBXFileReference; lastKnownFileType = archive.ar; name = libgeos.a; path = "../../../../../Desktop/geos-3.5.0/geos/platform/mixd/libgeos.a"; sourceTree = "<group>"; };
		58948AAA1E8D296800BA5E88 /* TYTileMapSDK.framework */ = {isa = PBXFileReference; lastKnownFileType = wrapper.framework; path = TYTileMapSDK.framework; sourceTree = "<group>"; };
		58B4452E1EAF1BEE00695228 /* geos.xcodeproj */ = {isa = PBXFileReference; lastKnownFileType = "wrapper.pb-project"; name = geos.xcodeproj; path = ../geos/geos.xcodeproj; sourceTree = "<group>"; };
		58D877B21E261163000F31DD /* TileVC.h */ = {isa = PBXFileReference; fileEncoding = 4; lastKnownFileType = sourcecode.c.h; path = TileVC.h; sourceTree = "<group>"; };
		58D877B31E261163000F31DD /* TileVC.m */ = {isa = PBXFileReference; fileEncoding = 4; lastKnownFileType = sourcecode.c.objc; path = TileVC.m; sourceTree = "<group>"; };
		58E56A371D4A1B7B00823924 /* libbz2.tbd */ = {isa = PBXFileReference; lastKnownFileType = "sourcecode.text-based-dylib-definition"; name = libbz2.tbd; path = usr/lib/libbz2.tbd; sourceTree = SDKROOT; };
		58E56A391D4A1B8D00823924 /* libz.tbd */ = {isa = PBXFileReference; lastKnownFileType = "sourcecode.text-based-dylib-definition"; name = libz.tbd; path = usr/lib/libz.tbd; sourceTree = SDKROOT; };
		58F2ADBB1EC9C8EB00460823 /* Assets.xcassets */ = {isa = PBXFileReference; lastKnownFileType = folder.assetcatalog; path = Assets.xcassets; sourceTree = "<group>"; };
		58F449AD1DFFE9830025B433 /* DemoTableVC.h */ = {isa = PBXFileReference; fileEncoding = 4; lastKnownFileType = sourcecode.c.h; path = DemoTableVC.h; sourceTree = "<group>"; };
		58F449AE1DFFE9830025B433 /* DemoTableVC.m */ = {isa = PBXFileReference; fileEncoding = 4; lastKnownFileType = sourcecode.c.objc; path = DemoTableVC.m; sourceTree = "<group>"; };
		58F449B01DFFF2470025B433 /* BaseMapVC.h */ = {isa = PBXFileReference; fileEncoding = 4; lastKnownFileType = sourcecode.c.h; path = BaseMapVC.h; sourceTree = "<group>"; };
		58F449B11DFFF2470025B433 /* BaseMapVC.m */ = {isa = PBXFileReference; fileEncoding = 4; lastKnownFileType = sourcecode.c.objc; path = BaseMapVC.m; sourceTree = "<group>"; };
		58F449B31E0000CC0025B433 /* MapVC.h */ = {isa = PBXFileReference; fileEncoding = 4; lastKnownFileType = sourcecode.c.h; path = MapVC.h; sourceTree = "<group>"; };
		58F449B41E0000CC0025B433 /* MapVC.m */ = {isa = PBXFileReference; fileEncoding = 4; lastKnownFileType = sourcecode.c.objc; path = MapVC.m; sourceTree = "<group>"; };
		58F449B71E012DBD0025B433 /* CalloutVC.h */ = {isa = PBXFileReference; fileEncoding = 4; lastKnownFileType = sourcecode.c.h; path = CalloutVC.h; sourceTree = "<group>"; };
		58F449B81E012DBD0025B433 /* CalloutVC.m */ = {isa = PBXFileReference; fileEncoding = 4; lastKnownFileType = sourcecode.c.objc; path = CalloutVC.m; sourceTree = "<group>"; };
		58F64B8E1F2B2AB400B23FDE /* MapLayer.h */ = {isa = PBXFileReference; fileEncoding = 4; lastKnownFileType = sourcecode.c.h; path = MapLayer.h; sourceTree = "<group>"; };
		58F64B8F1F2B2AB400B23FDE /* MapLayer.m */ = {isa = PBXFileReference; fileEncoding = 4; lastKnownFileType = sourcecode.c.objc; path = MapLayer.m; sourceTree = "<group>"; };
		58F64B911F2EA7D100B23FDE /* GestureVC.h */ = {isa = PBXFileReference; fileEncoding = 4; lastKnownFileType = sourcecode.c.h; path = GestureVC.h; sourceTree = "<group>"; };
		58F64B921F2EA7D100B23FDE /* GestureVC.m */ = {isa = PBXFileReference; fileEncoding = 4; lastKnownFileType = sourcecode.c.objc; path = GestureVC.m; sourceTree = "<group>"; };
		58F64B951F2EC19900B23FDE /* ControlNorthVC.h */ = {isa = PBXFileReference; fileEncoding = 4; lastKnownFileType = sourcecode.c.h; path = ControlNorthVC.h; sourceTree = "<group>"; };
		58F64B961F2EC19900B23FDE /* ControlNorthVC.m */ = {isa = PBXFileReference; fileEncoding = 4; lastKnownFileType = sourcecode.c.objc; path = ControlNorthVC.m; sourceTree = "<group>"; };
		58F64B981F2ECB8300B23FDE /* LineVC.h */ = {isa = PBXFileReference; fileEncoding = 4; lastKnownFileType = sourcecode.c.h; path = LineVC.h; sourceTree = "<group>"; };
		58F64B991F2ECB8300B23FDE /* LineVC.m */ = {isa = PBXFileReference; fileEncoding = 4; lastKnownFileType = sourcecode.c.objc; path = LineVC.m; sourceTree = "<group>"; };
		58F64B9B1F2ECF4100B23FDE /* AreaVC.h */ = {isa = PBXFileReference; fileEncoding = 4; lastKnownFileType = sourcecode.c.h; path = AreaVC.h; sourceTree = "<group>"; };
		58F64B9C1F2ECF4100B23FDE /* AreaVC.m */ = {isa = PBXFileReference; fileEncoding = 4; lastKnownFileType = sourcecode.c.objc; path = AreaVC.m; sourceTree = "<group>"; };
		58F64B9E1F2ED71400B23FDE /* FenceVC.h */ = {isa = PBXFileReference; fileEncoding = 4; lastKnownFileType = sourcecode.c.h; path = FenceVC.h; sourceTree = "<group>"; };
		58F64B9F1F2ED71400B23FDE /* FenceVC.m */ = {isa = PBXFileReference; fileEncoding = 4; lastKnownFileType = sourcecode.c.objc; path = FenceVC.m; sourceTree = "<group>"; };
		58F64BA21F2EFD2700B23FDE /* SearchNameVC.h */ = {isa = PBXFileReference; fileEncoding = 4; lastKnownFileType = sourcecode.c.h; path = SearchNameVC.h; sourceTree = "<group>"; };
		58F64BA31F2EFD2700B23FDE /* SearchNameVC.m */ = {isa = PBXFileReference; fileEncoding = 4; lastKnownFileType = sourcecode.c.objc; path = SearchNameVC.m; sourceTree = "<group>"; };
		58F64BA51F2F000100B23FDE /* SearchFacilityVC.h */ = {isa = PBXFileReference; fileEncoding = 4; lastKnownFileType = sourcecode.c.h; path = SearchFacilityVC.h; sourceTree = "<group>"; };
		58F64BA61F2F000100B23FDE /* SearchFacilityVC.m */ = {isa = PBXFileReference; fileEncoding = 4; lastKnownFileType = sourcecode.c.objc; path = SearchFacilityVC.m; sourceTree = "<group>"; };
		58F64BA81F2F2D2200B23FDE /* SearchDistanceVC.h */ = {isa = PBXFileReference; fileEncoding = 4; lastKnownFileType = sourcecode.c.h; path = SearchDistanceVC.h; sourceTree = "<group>"; };
		58F64BA91F2F2D2200B23FDE /* SearchDistanceVC.m */ = {isa = PBXFileReference; fileEncoding = 4; lastKnownFileType = sourcecode.c.objc; path = SearchDistanceVC.m; sourceTree = "<group>"; };
		58F64BAB1F2F5D6800B23FDE /* RouteDistanceVC.h */ = {isa = PBXFileReference; fileEncoding = 4; lastKnownFileType = sourcecode.c.h; path = RouteDistanceVC.h; sourceTree = "<group>"; };
		58F64BAC1F2F5D6800B23FDE /* RouteDistanceVC.m */ = {isa = PBXFileReference; fileEncoding = 4; lastKnownFileType = sourcecode.c.objc; path = RouteDistanceVC.m; sourceTree = "<group>"; };
/* End PBXFileReference section */

/* Begin PBXFrameworksBuildPhase section */
		581A7B621CEEA206008F791C /* Frameworks */ = {
			isa = PBXFrameworksBuildPhase;
			buildActionMask = 2147483647;
			files = (
				5814CF541ECD57160004962B /* libz.tbd in Frameworks */,
				58948AAB1E8D296800BA5E88 /* TYTileMapSDK.framework in Frameworks */,
				586C224F1DDD86E300C31931 /* TYMapData.framework in Frameworks */,
				586C224B1DDD86DB00C31931 /* TYMapSDK.framework in Frameworks */,
				586C224E1DDD86E300C31931 /* TYLocationEngine.framework in Frameworks */,
			);
			runOnlyForDeploymentPostprocessing = 0;
		};
/* End PBXFrameworksBuildPhase section */

/* Begin PBXGroup section */
		581A7B5C1CEEA206008F791C = {
			isa = PBXGroup;
			children = (
				581A7B671CEEA206008F791C /* mapdemo */,
				581A7B661CEEA206008F791C /* Products */,
				775DCDEA34FF5F233A7D4C84 /* Frameworks */,
			);
			sourceTree = "<group>";
		};
		581A7B661CEEA206008F791C /* Products */ = {
			isa = PBXGroup;
			children = (
				581A7B651CEEA206008F791C /* mapdemo.app */,
			);
			name = Products;
			sourceTree = "<group>";
		};
		581A7B671CEEA206008F791C /* mapdemo */ = {
			isa = PBXGroup;
			children = (
				581A7B6B1CEEA206008F791C /* AppDelegate.h */,
				581A7B6C1CEEA206008F791C /* AppDelegate.m */,
				58F449AD1DFFE9830025B433 /* DemoTableVC.h */,
				58F449AE1DFFE9830025B433 /* DemoTableVC.m */,
				58F449B01DFFF2470025B433 /* BaseMapVC.h */,
				58F449B11DFFF2470025B433 /* BaseMapVC.m */,
				58F449AC1DFFE94A0025B433 /* 显示地图 */,
				5836E48F1E07D664008F5BB0 /* 地图事件 */,
				58F64B941F2EBDD200B23FDE /* 地图控件 */,
				584CD6311E02727C00EC1757 /* 标注弹窗 */,
				58F64BA11F2EFD0200B23FDE /* POI搜索 */,
				584CD63F1E03DDFE00EC1757 /* 路径规划 */,
				584CD6401E03E07D00EC1757 /* 显示定位 */,
				581A7B6E1CEEA206008F791C /* ViewController.h */,
				581A7B6F1CEEA206008F791C /* ViewController.m */,
				581A7B681CEEA206008F791C /* Supporting Files */,
			);
			path = mapdemo;
			sourceTree = "<group>";
		};
		581A7B681CEEA206008F791C /* Supporting Files */ = {
			isa = PBXGroup;
			children = (
				58F2ADBB1EC9C8EB00460823 /* Assets.xcassets */,
				586C22301DDD856900C31931 /* libs */,
				581A7BBB1CEEAC61008F791C /* libsqlite3.0.tbd */,
				581A7B791CEEA206008F791C /* Info.plist */,
				581A7B691CEEA206008F791C /* main.m */,
			);
			name = "Supporting Files";
			sourceTree = "<group>";
		};
		5836E48F1E07D664008F5BB0 /* 地图事件 */ = {
			isa = PBXGroup;
			children = (
				5836E49D1E07D737008F5BB0 /* POIVC.h */,
				5836E49E1E07D737008F5BB0 /* POIVC.m */,
				58F64B911F2EA7D100B23FDE /* GestureVC.h */,
				58F64B921F2EA7D100B23FDE /* GestureVC.m */,
			);
			name = "地图事件";
			sourceTree = "<group>";
		};
		584CD6311E02727C00EC1757 /* 标注弹窗 */ = {
			isa = PBXGroup;
			children = (
				584CD63C1E03DA2500EC1757 /* LayerVC.h */,
				584CD63D1E03DA2500EC1757 /* LayerVC.m */,
				58F64B981F2ECB8300B23FDE /* LineVC.h */,
				58F64B991F2ECB8300B23FDE /* LineVC.m */,
				58F64B9B1F2ECF4100B23FDE /* AreaVC.h */,
				58F64B9C1F2ECF4100B23FDE /* AreaVC.m */,
				58F449B71E012DBD0025B433 /* CalloutVC.h */,
				58F449B81E012DBD0025B433 /* CalloutVC.m */,
				58F64B9E1F2ED71400B23FDE /* FenceVC.h */,
				58F64B9F1F2ED71400B23FDE /* FenceVC.m */,
			);
			name = "标注弹窗";
			sourceTree = "<group>";
		};
		584CD63F1E03DDFE00EC1757 /* 路径规划 */ = {
			isa = PBXGroup;
			children = (
				584CD6421E03E0B100EC1757 /* RouteVC.h */,
				584CD6431E03E0B100EC1757 /* RouteVC.m */,
				58F64BAB1F2F5D6800B23FDE /* RouteDistanceVC.h */,
				58F64BAC1F2F5D6800B23FDE /* RouteDistanceVC.m */,
				58277FA51F30061F008D4518 /* RouteHintVC.h */,
				58277FA61F30061F008D4518 /* RouteHintVC.m */,
			);
			name = "路径规划";
			sourceTree = "<group>";
		};
		584CD6401E03E07D00EC1757 /* 显示定位 */ = {
			isa = PBXGroup;
			children = (
				584CD6451E03E0BC00EC1757 /* LocationVC.h */,
				584CD6461E03E0BC00EC1757 /* LocationVC.m */,
				583964B51F31581100D4A0AC /* LocationSnapVC.h */,
				583964B61F31581100D4A0AC /* LocationSnapVC.m */,
			);
			name = "显示定位";
			sourceTree = "<group>";
		};
		586C22301DDD856900C31931 /* libs */ = {
			isa = PBXGroup;
			children = (
				58B4452E1EAF1BEE00695228 /* geos.xcodeproj */,
				586C22311DDD856900C31931 /* lib */,
			);
			name = libs;
			path = ../../libs;
			sourceTree = "<group>";
		};
		586C22311DDD856900C31931 /* lib */ = {
			isa = PBXGroup;
			children = (
				586C224C1DDD86E300C31931 /* TYLocationEngine.framework */,
				586C224D1DDD86E300C31931 /* TYMapData.framework */,
				586C224A1DDD86DB00C31931 /* TYMapSDK.framework */,
			);
			path = lib;
			sourceTree = "<group>";
		};
		58B4452F1EAF1BEE00695228 /* Products */ = {
			isa = PBXGroup;
			children = (
				58B445331EAF1BEE00695228 /* libgeos.a */,
			);
			name = Products;
			sourceTree = "<group>";
		};
		58F449AC1DFFE94A0025B433 /* 显示地图 */ = {
			isa = PBXGroup;
			children = (
				58F449B31E0000CC0025B433 /* MapVC.h */,
				58F449B41E0000CC0025B433 /* MapVC.m */,
				58138A5F1F1E4238006A4A7F /* MapInfoVC.h */,
				58138A601F1E4238006A4A7F /* MapInfoVC.m */,
				581EE2711F208A690088256F /* MapSetting.h */,
				581EE2721F208A690088256F /* MapSetting.m */,
				58F64B8E1F2B2AB400B23FDE /* MapLayer.h */,
				58F64B8F1F2B2AB400B23FDE /* MapLayer.m */,
				581EE2741F20A3730088256F /* MapCoorVC.h */,
				581EE2751F20A3730088256F /* MapCoorVC.m */,
				58D877B21E261163000F31DD /* TileVC.h */,
				58D877B31E261163000F31DD /* TileVC.m */,
				58948AAA1E8D296800BA5E88 /* TYTileMapSDK.framework */,
			);
			name = "显示地图";
			sourceTree = "<group>";
		};
		58F64B941F2EBDD200B23FDE /* 地图控件 */ = {
			isa = PBXGroup;
			children = (
				587571691E079F8600E96CA4 /* UIImageView+AGSNorthArrow.h */,
				5875716A1E079F8600E96CA4 /* UIImageView+AGSNorthArrow.m */,
				58F64B951F2EC19900B23FDE /* ControlNorthVC.h */,
				58F64B961F2EC19900B23FDE /* ControlNorthVC.m */,
			);
			name = "地图控件";
			sourceTree = "<group>";
		};
		58F64BA11F2EFD0200B23FDE /* POI搜索 */ = {
			isa = PBXGroup;
			children = (
				58F64BA21F2EFD2700B23FDE /* SearchNameVC.h */,
				58F64BA31F2EFD2700B23FDE /* SearchNameVC.m */,
				58F64BA51F2F000100B23FDE /* SearchFacilityVC.h */,
				58F64BA61F2F000100B23FDE /* SearchFacilityVC.m */,
				58F64BA81F2F2D2200B23FDE /* SearchDistanceVC.h */,
				58F64BA91F2F2D2200B23FDE /* SearchDistanceVC.m */,
			);
			name = "POI搜索";
			sourceTree = "<group>";
		};
		775DCDEA34FF5F233A7D4C84 /* Frameworks */ = {
			isa = PBXGroup;
			children = (
				583237761EA470100037940B /* libstdc++.6.tbd */,
				583237721EA46BD20037940B /* libstdc++.tbd */,
				583237701EA46B280037940B /* libstdc++.6.0.9.tbd */,
				588877901EA06CC8004111C3 /* libgeos.a */,
				58E56A391D4A1B8D00823924 /* libz.tbd */,
				58E56A371D4A1B7B00823924 /* libbz2.tbd */,
			);
			name = Frameworks;
			sourceTree = "<group>";
		};
/* End PBXGroup section */

/* Begin PBXNativeTarget section */
		581A7B641CEEA206008F791C /* mapdemo */ = {
			isa = PBXNativeTarget;
			buildConfigurationList = 581A7B7C1CEEA206008F791C /* Build configuration list for PBXNativeTarget "mapdemo" */;
			buildPhases = (
				581A7B611CEEA206008F791C /* Sources */,
				581A7B621CEEA206008F791C /* Frameworks */,
				581A7B631CEEA206008F791C /* Resources */,
			);
			buildRules = (
			);
			dependencies = (
				5881DD9B1ECEE83200A43BC8 /* PBXTargetDependency */,
			);
			name = mapdemo;
			productName = mapdemo;
			productReference = 581A7B651CEEA206008F791C /* mapdemo.app */;
			productType = "com.apple.product-type.application";
		};
/* End PBXNativeTarget section */

/* Begin PBXProject section */
		581A7B5D1CEEA206008F791C /* Project object */ = {
			isa = PBXProject;
			attributes = {
				LastUpgradeCheck = 0820;
				ORGANIZATIONNAME = thomasho;
				TargetAttributes = {
					581A7B641CEEA206008F791C = {
						CreatedOnToolsVersion = 7.3;
						DevelopmentTeam = L2S5E9QH3S;
					};
				};
			};
			buildConfigurationList = 581A7B601CEEA206008F791C /* Build configuration list for PBXProject "mapdemo" */;
			compatibilityVersion = "Xcode 3.2";
			developmentRegion = English;
			hasScannedForEncodings = 0;
			knownRegions = (
				en,
				Base,
			);
			mainGroup = 581A7B5C1CEEA206008F791C;
			productRefGroup = 581A7B661CEEA206008F791C /* Products */;
			projectDirPath = "";
			projectReferences = (
				{
					ProductGroup = 58B4452F1EAF1BEE00695228 /* Products */;
					ProjectRef = 58B4452E1EAF1BEE00695228 /* geos.xcodeproj */;
				},
			);
			projectRoot = "";
			targets = (
				581A7B641CEEA206008F791C /* mapdemo */,
			);
		};
/* End PBXProject section */

/* Begin PBXReferenceProxy section */
		58B445331EAF1BEE00695228 /* libgeos.a */ = {
			isa = PBXReferenceProxy;
			fileType = archive.ar;
			path = libgeos.a;
			remoteRef = 58B445321EAF1BEE00695228 /* PBXContainerItemProxy */;
			sourceTree = BUILT_PRODUCTS_DIR;
		};
/* End PBXReferenceProxy section */

/* Begin PBXResourcesBuildPhase section */
		581A7B631CEEA206008F791C /* Resources */ = {
			isa = PBXResourcesBuildPhase;
			buildActionMask = 2147483647;
			files = (
				58F2ADBC1EC9C8EB00460823 /* Assets.xcassets in Resources */,
			);
			runOnlyForDeploymentPostprocessing = 0;
		};
/* End PBXResourcesBuildPhase section */

/* Begin PBXSourcesBuildPhase section */
		581A7B611CEEA206008F791C /* Sources */ = {
			isa = PBXSourcesBuildPhase;
			buildActionMask = 2147483647;
			files = (
				581EE2761F20A3730088256F /* MapCoorVC.m in Sources */,
				584CD63E1E03DA2500EC1757 /* LayerVC.m in Sources */,
				58F64BA41F2EFD2700B23FDE /* SearchNameVC.m in Sources */,
				583964B71F31581100D4A0AC /* LocationSnapVC.m in Sources */,
				581A7B701CEEA206008F791C /* ViewController.m in Sources */,
				58F449B91E012DBD0025B433 /* CalloutVC.m in Sources */,
				581A7B6D1CEEA206008F791C /* AppDelegate.m in Sources */,
				584CD6441E03E0B100EC1757 /* RouteVC.m in Sources */,
				581A7B6A1CEEA206008F791C /* main.m in Sources */,
				58277FA71F30061F008D4518 /* RouteHintVC.m in Sources */,
				5875716B1E079F8600E96CA4 /* UIImageView+AGSNorthArrow.m in Sources */,
				58F64BA71F2F000100B23FDE /* SearchFacilityVC.m in Sources */,
				58F64B9A1F2ECB8300B23FDE /* LineVC.m in Sources */,
				58138A611F1E4238006A4A7F /* MapInfoVC.m in Sources */,
				58F64BAA1F2F2D2200B23FDE /* SearchDistanceVC.m in Sources */,
				58D877B41E261163000F31DD /* TileVC.m in Sources */,
				58F449B21DFFF2470025B433 /* BaseMapVC.m in Sources */,
				58F449B51E0000CC0025B433 /* MapVC.m in Sources */,
				581EE2731F208A690088256F /* MapSetting.m in Sources */,
				58F64B901F2B2AB400B23FDE /* MapLayer.m in Sources */,
				58F64B9D1F2ECF4100B23FDE /* AreaVC.m in Sources */,
				584CD6471E03E0BC00EC1757 /* LocationVC.m in Sources */,
				58F64B971F2EC19900B23FDE /* ControlNorthVC.m in Sources */,
				5836E49F1E07D737008F5BB0 /* POIVC.m in Sources */,
				58F64B931F2EA7D100B23FDE /* GestureVC.m in Sources */,
				58F64BAD1F2F5D6800B23FDE /* RouteDistanceVC.m in Sources */,
				58F64BA01F2ED71400B23FDE /* FenceVC.m in Sources */,
				58F449AF1DFFE9830025B433 /* DemoTableVC.m in Sources */,
			);
			runOnlyForDeploymentPostprocessing = 0;
		};
/* End PBXSourcesBuildPhase section */

/* Begin PBXTargetDependency section */
		5881DD9B1ECEE83200A43BC8 /* PBXTargetDependency */ = {
			isa = PBXTargetDependency;
			name = geos;
			targetProxy = 5881DD9A1ECEE83200A43BC8 /* PBXContainerItemProxy */;
		};
/* End PBXTargetDependency section */

/* Begin XCBuildConfiguration section */
		581A7B7A1CEEA206008F791C /* Debug */ = {
			isa = XCBuildConfiguration;
			buildSettings = {
				ALWAYS_SEARCH_USER_PATHS = NO;
				CLANG_ANALYZER_NONNULL = YES;
				CLANG_CXX_LANGUAGE_STANDARD = "gnu++98";
				CLANG_CXX_LIBRARY = "libc++";
				CLANG_ENABLE_MODULES = YES;
				CLANG_ENABLE_OBJC_ARC = YES;
				CLANG_WARN_BOOL_CONVERSION = YES;
				CLANG_WARN_CONSTANT_CONVERSION = YES;
				CLANG_WARN_DIRECT_OBJC_ISA_USAGE = YES_ERROR;
				CLANG_WARN_EMPTY_BODY = YES;
				CLANG_WARN_ENUM_CONVERSION = YES;
				CLANG_WARN_INFINITE_RECURSION = YES;
				CLANG_WARN_INT_CONVERSION = YES;
				CLANG_WARN_OBJC_ROOT_CLASS = YES_ERROR;
				CLANG_WARN_SUSPICIOUS_MOVE = YES;
				CLANG_WARN_UNREACHABLE_CODE = YES;
				CLANG_WARN__DUPLICATE_METHOD_MATCH = YES;
				"CODE_SIGN_IDENTITY[sdk=iphoneos*]" = "iPhone Developer";
				COPY_PHASE_STRIP = NO;
				DEBUG_INFORMATION_FORMAT = dwarf;
				ENABLE_STRICT_OBJC_MSGSEND = YES;
				ENABLE_TESTABILITY = YES;
				GCC_C_LANGUAGE_STANDARD = gnu99;
				GCC_DYNAMIC_NO_PIC = NO;
				GCC_NO_COMMON_BLOCKS = YES;
				GCC_OPTIMIZATION_LEVEL = 0;
				GCC_PREPROCESSOR_DEFINITIONS = (
					"DEBUG=1",
					"$(inherited)",
				);
				GCC_WARN_64_TO_32_BIT_CONVERSION = YES;
				GCC_WARN_ABOUT_RETURN_TYPE = YES_ERROR;
				GCC_WARN_UNDECLARED_SELECTOR = YES;
				GCC_WARN_UNINITIALIZED_AUTOS = YES_AGGRESSIVE;
				GCC_WARN_UNUSED_FUNCTION = YES;
				GCC_WARN_UNUSED_VARIABLE = YES;
				IPHONEOS_DEPLOYMENT_TARGET = 7.1;
				MTL_ENABLE_DEBUG_INFO = YES;
				ONLY_ACTIVE_ARCH = YES;
				SDKROOT = iphoneos;
				TARGETED_DEVICE_FAMILY = "1,2";
			};
			name = Debug;
		};
		581A7B7B1CEEA206008F791C /* Release */ = {
			isa = XCBuildConfiguration;
			buildSettings = {
				ALWAYS_SEARCH_USER_PATHS = NO;
				CLANG_ANALYZER_NONNULL = YES;
				CLANG_CXX_LANGUAGE_STANDARD = "gnu++98";
				CLANG_CXX_LIBRARY = "libc++";
				CLANG_ENABLE_MODULES = YES;
				CLANG_ENABLE_OBJC_ARC = YES;
				CLANG_WARN_BOOL_CONVERSION = YES;
				CLANG_WARN_CONSTANT_CONVERSION = YES;
				CLANG_WARN_DIRECT_OBJC_ISA_USAGE = YES_ERROR;
				CLANG_WARN_EMPTY_BODY = YES;
				CLANG_WARN_ENUM_CONVERSION = YES;
				CLANG_WARN_INFINITE_RECURSION = YES;
				CLANG_WARN_INT_CONVERSION = YES;
				CLANG_WARN_OBJC_ROOT_CLASS = YES_ERROR;
				CLANG_WARN_SUSPICIOUS_MOVE = YES;
				CLANG_WARN_UNREACHABLE_CODE = YES;
				CLANG_WARN__DUPLICATE_METHOD_MATCH = YES;
				"CODE_SIGN_IDENTITY[sdk=iphoneos*]" = "iPhone Developer";
				COPY_PHASE_STRIP = NO;
				DEBUG_INFORMATION_FORMAT = "dwarf-with-dsym";
				ENABLE_NS_ASSERTIONS = NO;
				ENABLE_STRICT_OBJC_MSGSEND = YES;
				GCC_C_LANGUAGE_STANDARD = gnu99;
				GCC_NO_COMMON_BLOCKS = YES;
				GCC_WARN_64_TO_32_BIT_CONVERSION = YES;
				GCC_WARN_ABOUT_RETURN_TYPE = YES_ERROR;
				GCC_WARN_UNDECLARED_SELECTOR = YES;
				GCC_WARN_UNINITIALIZED_AUTOS = YES_AGGRESSIVE;
				GCC_WARN_UNUSED_FUNCTION = YES;
				GCC_WARN_UNUSED_VARIABLE = YES;
				IPHONEOS_DEPLOYMENT_TARGET = 7.1;
				MTL_ENABLE_DEBUG_INFO = NO;
				SDKROOT = iphoneos;
				TARGETED_DEVICE_FAMILY = "1,2";
				VALIDATE_PRODUCT = YES;
			};
			name = Release;
		};
		581A7B7D1CEEA206008F791C /* Debug */ = {
			isa = XCBuildConfiguration;
			buildSettings = {
				ALWAYS_SEARCH_USER_PATHS = YES;
				ARCHS = "$(ARCHS_STANDARD)";
				ASSETCATALOG_COMPILER_APPICON_NAME = AppIcon;
				ASSETCATALOG_COMPILER_LAUNCHIMAGE_NAME = LaunchImage;
				CODE_SIGN_IDENTITY = "iPhone Developer";
				"CODE_SIGN_IDENTITY[sdk=iphoneos*]" = "iPhone Developer";
				ENABLE_BITCODE = NO;
				FRAMEWORK_SEARCH_PATHS = (
					/Library/SDKs/ArcGIS/iOS,
					"$(inherited)",
					"$(SRCROOT)/../libs/lib/",
					"$(PROJECT_DIR)/mapdemo",
				);
				HEADER_SEARCH_PATHS = "/Users/thomasho/Desktop/TY-Framework";
				INFOPLIST_FILE = mapdemo/Info.plist;
				IPHONEOS_DEPLOYMENT_TARGET = 7.1;
				LD_RUNPATH_SEARCH_PATHS = "$(inherited) @executable_path/Frameworks";
				LIBRARY_SEARCH_PATHS = "";
				ONLY_ACTIVE_ARCH = YES;
				OTHER_LDFLAGS = (
					"$(inherited)",
					"-ObjC",
					"-framework",
					ArcGIS,
					"-lc++",
					"-l\"geos\"",
					"-l\"sqlite3\"",
					"-framework",
					"\"TYLocationEngine\"",
					"-framework",
					"\"TYMapData\"",
					"-framework",
					"\"TYMapSDK\"",
					"-framework",
					"\"TYTileMapSDK\"",
				);
				PRODUCT_BUNDLE_IDENTIFIER = com.o2o.mapdemo;
				PRODUCT_NAME = "$(TARGET_NAME)";
				PROVISIONING_PROFILE = "";
				REZ_SEARCH_PATHS = "";
				VALID_ARCHS = "arm64 armv7";
			};
			name = Debug;
		};
		581A7B7E1CEEA206008F791C /* Release */ = {
			isa = XCBuildConfiguration;
			buildSettings = {
				ALWAYS_SEARCH_USER_PATHS = YES;
				ARCHS = "$(ARCHS_STANDARD)";
				ASSETCATALOG_COMPILER_APPICON_NAME = AppIcon;
				ASSETCATALOG_COMPILER_LAUNCHIMAGE_NAME = LaunchImage;
				CODE_SIGN_IDENTITY = "iPhone Developer";
				"CODE_SIGN_IDENTITY[sdk=iphoneos*]" = "iPhone Developer";
				ENABLE_BITCODE = NO;
				FRAMEWORK_SEARCH_PATHS = (
					/Library/SDKs/ArcGIS/iOS,
					"$(inherited)",
					"$(SRCROOT)/../libs/lib/",
					"$(PROJECT_DIR)/mapdemo",
				);
				HEADER_SEARCH_PATHS = "/Users/thomasho/Desktop/TY-Framework";
				INFOPLIST_FILE = mapdemo/Info.plist;
				IPHONEOS_DEPLOYMENT_TARGET = 7.1;
				LD_RUNPATH_SEARCH_PATHS = "$(inherited) @executable_path/Frameworks";
				LIBRARY_SEARCH_PATHS = "";
				ONLY_ACTIVE_ARCH = YES;
				OTHER_LDFLAGS = (
					"$(inherited)",
					"-ObjC",
					"-framework",
					ArcGIS,
					"-lc++",
					"-l\"geos\"",
					"-l\"sqlite3\"",
					"-framework",
					"\"TYLocationEngine\"",
					"-framework",
					"\"TYMapData\"",
					"-framework",
					"\"TYMapSDK\"",
					"-framework",
					"\"TYTileMapSDK\"",
				);
				PRODUCT_BUNDLE_IDENTIFIER = com.o2o.mapdemo;
				PRODUCT_NAME = "$(TARGET_NAME)";
				PROVISIONING_PROFILE = "";
				REZ_SEARCH_PATHS = "";
				VALID_ARCHS = "arm64 armv7";
			};
			name = Release;
		};
/* End XCBuildConfiguration section */

/* Begin XCConfigurationList section */
		581A7B601CEEA206008F791C /* Build configuration list for PBXProject "mapdemo" */ = {
			isa = XCConfigurationList;
			buildConfigurations = (
				581A7B7A1CEEA206008F791C /* Debug */,
				581A7B7B1CEEA206008F791C /* Release */,
			);
			defaultConfigurationIsVisible = 0;
			defaultConfigurationName = Release;
		};
		581A7B7C1CEEA206008F791C /* Build configuration list for PBXNativeTarget "mapdemo" */ = {
			isa = XCConfigurationList;
			buildConfigurations = (
				581A7B7D1CEEA206008F791C /* Debug */,
				581A7B7E1CEEA206008F791C /* Release */,
			);
			defaultConfigurationIsVisible = 0;
			defaultConfigurationName = Release;
		};
/* End XCConfigurationList section */
	};
	rootObject = 581A7B5D1CEEA206008F791C /* Project object */;
}
